
Microsoft Visual Studio Solution File, Format Version 12.00
# Visual Studio Version 17
VisualStudioVersion = 17.6.33513.286
MinimumVisualStudioVersion = 10.0.40219.1
Project("{FAE04EC0-301F-11D3-BF4B-00C04F79EFBC}") = "CloudTest", "CloudTest\CloudTest.csproj", "{05F04032-326B-4F1E-B6D4-DFA3F23918F0}"
EndProject
Global
	GlobalSection(SolutionConfigurationPlatforms) = preSolution
		Debug|Any CPU = Debug|Any CPU
		Release|Any CPU = Release|Any CPU
	EndGlobalSection
	GlobalSection(ProjectConfigurationPlatforms) = postSolution
		{05F04032-326B-4F1E-B6D4-DFA3F23918F0}.Debug|Any CPU.ActiveCfg = Debug|Any CPU
		{05F04032-326B-4F1E-B6D4-DFA3F23918F0}.Debug|Any CPU.Build.0 = Debug|Any CPU
		{05F04032-326B-4F1E-B6D4-DFA3F23918F0}.Release|Any CPU.ActiveCfg = Release|Any CPU
		{05F04032-326B-4F1E-B6D4-DFA3F23918F0}.Release|Any CPU.Build.0 = Release|Any CPU
	EndGlobalSection
	GlobalSection(SolutionProperties) = preSolution
		HideSolutionNode = FALSE
	EndGlobalSection
	GlobalSection(ExtensibilityGlobals) = postSolution
		SolutionGuid = {09E9A1DB-F115-46AF-BEC9-F2998459968C}
	EndGlobalSection
EndGlobal
